<?xml version="1.0" encoding="utf-8"?>
<Project ToolsVersion="4.0" xmlns="http://schemas.microsoft.com/developer/msbuild/2003">
  <ItemGroup>
    <Filter Include="Atlas">
      <UniqueIdentifier>{3AADD80C-A6C1-00BE-6F43-A41DDB16FDEE}</UniqueIdentifier>
    </Filter>
    <Filter Include="Atlas\Core">
      <UniqueIdentifier>{D22511EB-BEDD-5238-27E5-2B9413BCED28}</UniqueIdentifier>
    </Filter>
    <Filter Include="Atlas\Events">
      <UniqueIdentifier>{DEF313F9-CA56-A39D-73DC-DB535F1E6F20}</UniqueIdentifier>
    </Filter>
    <Filter Include="Atlas\Layers">
      <UniqueIdentifier>{B9DEF607-A541-86AC-4EC7-BE623A09522F}</UniqueIdentifier>
    </Filter>
    <Filter Include="Platform">
      <UniqueIdentifier>{2AC788B4-1694-E3BF-3FAD-D1672BD9184E}</UniqueIdentifier>
    </Filter>
    <Filter Include="Platform\Window">
      <UniqueIdentifier>{D1E05B2F-3D6C-C9F3-467D-4CE8B28725F4}</UniqueIdentifier>
    </Filter>
  </ItemGroup>
  <ItemGroup>
    <ClInclude Include="src\Atlas.h" />
    <ClInclude Include="src\Atlas\Application.h">
      <Filter>Atlas</Filter>
    </ClInclude>
    <ClInclude Include="src\Atlas\Core\Core.h">
      <Filter>Atlas\Core</Filter>
    </ClInclude>
    <ClInclude Include="src\Atlas\Core\KeyCodes.h">
      <Filter>Atlas\Core</Filter>
    </ClInclude>
    <ClInclude Include="src\Atlas\Core\MouseCodes.h">
      <Filter>Atlas\Core</Filter>
    </ClInclude>
    <ClInclude Include="src\Atlas\Core\Timestep.h">
      <Filter>Atlas\Core</Filter>
    </ClInclude>
    <ClInclude Include="src\Atlas\EntryPoint.h">
      <Filter>Atlas</Filter>
    </ClInclude>
    <ClInclude Include="src\Atlas\Events\ApplicationEvent.h">
      <Filter>Atlas\Events</Filter>
    </ClInclude>
    <ClInclude Include="src\Atlas\Events\Event.h">
      <Filter>Atlas\Events</Filter>
    </ClInclude>
    <ClInclude Include="src\Atlas\Events\KeyEvent.h">
      <Filter>Atlas\Events</Filter>
    </ClInclude>
    <ClInclude Include="src\Atlas\Events\MouseEvent.h">
      <Filter>Atlas\Events</Filter>
    </ClInclude>
    <ClInclude Include="src\Atlas\Layers\Layer.h">
      <Filter>Atlas\Layers</Filter>
    </ClInclude>
    <ClInclude Include="src\Atlas\Layers\LayerStack.h">
      <Filter>Atlas\Layers</Filter>
    </ClInclude>
    <ClInclude Include="src\Atlas\Log.h">
      <Filter>Atlas</Filter>
    </ClInclude>
    <ClInclude Include="src\Atlas\Window.h">
      <Filter>Atlas</Filter>
    </ClInclude>
    <ClInclude Include="src\Platform\Window\WindowsWindow.h">
      <Filter>Platform\Window</Filter>
    </ClInclude>
    <ClInclude Include="src\atlaspch.h" />
  </ItemGroup>
  <ItemGroup>
    <ClCompile Include="src\Atlas\Application.cpp">
      <Filter>Atlas</Filter>
    </ClCompile>
    <ClCompile Include="src\Atlas\Layers\Layer.cpp">
      <Filter>Atlas\Layers</Filter>
    </ClCompile>
    <ClCompile Include="src\Atlas\Layers\LayerStack.cpp">
      <Filter>Atlas\Layers</Filter>
    </ClCompile>
    <ClCompile Include="src\Atlas\Log.cpp">
      <Filter>Atlas</Filter>
    </ClCompile>
    <ClCompile Include="src\Platform\Window\WindowsWindow.cpp">
      <Filter>Platform\Window</Filter>
    </ClCompile>
    <ClCompile Include="src\atlaspch.cpp" />
  </ItemGroup>
</Project>